
Microsoft Visual Studio Solution File, Format Version 12.00
Project("{FAE04EC0-301F-11D3-BF4B-00C04F79EFBC}") = "Classes2", "Classes2\Classes2.csproj", "{6942F9BD-D2CB-419B-89FA-33D8E283841A}"
EndProject
Global
	GlobalSection(SolutionConfigurationPlatforms) = preSolution
		Debug|Any CPU = Debug|Any CPU
		Release|Any CPU = Release|Any CPU
	EndGlobalSection
	GlobalSection(ProjectConfigurationPlatforms) = postSolution
		{6942F9BD-D2CB-419B-89FA-33D8E283841A}.Debug|Any CPU.ActiveCfg = Debug|Any CPU
		{6942F9BD-D2CB-419B-89FA-33D8E283841A}.Debug|Any CPU.Build.0 = Debug|Any CPU
		{6942F9BD-D2CB-419B-89FA-33D8E283841A}.Release|Any CPU.ActiveCfg = Release|Any CPU
		{6942F9BD-D2CB-419B-89FA-33D8E283841A}.Release|Any CPU.Build.0 = Release|Any CPU
	EndGlobalSection
EndGlobal
