
Microsoft Visual Studio Solution File, Format Version 12.00
Project("{FAE04EC0-301F-11D3-BF4B-00C04F79EFBC}") = "Classes1", "Classes1\Classes1.csproj", "{3B78CE8D-9226-4456-8599-02D005CE0FDB}"
EndProject
Global
	GlobalSection(SolutionConfigurationPlatforms) = preSolution
		Debug|Any CPU = Debug|Any CPU
		Release|Any CPU = Release|Any CPU
	EndGlobalSection
	GlobalSection(ProjectConfigurationPlatforms) = postSolution
		{3B78CE8D-9226-4456-8599-02D005CE0FDB}.Debug|Any CPU.ActiveCfg = Debug|Any CPU
		{3B78CE8D-9226-4456-8599-02D005CE0FDB}.Debug|Any CPU.Build.0 = Debug|Any CPU
		{3B78CE8D-9226-4456-8599-02D005CE0FDB}.Release|Any CPU.ActiveCfg = Release|Any CPU
		{3B78CE8D-9226-4456-8599-02D005CE0FDB}.Release|Any CPU.Build.0 = Release|Any CPU
	EndGlobalSection
EndGlobal
