
Microsoft Visual Studio Solution File, Format Version 12.00
Project("{FAE04EC0-301F-11D3-BF4B-00C04F79EFBC}") = "Classes4", "Classes4\Classes4.csproj", "{4E0478B5-730A-4DDD-8027-027DF1458E0A}"
EndProject
Global
	GlobalSection(SolutionConfigurationPlatforms) = preSolution
		Debug|Any CPU = Debug|Any CPU
		Release|Any CPU = Release|Any CPU
	EndGlobalSection
	GlobalSection(ProjectConfigurationPlatforms) = postSolution
		{4E0478B5-730A-4DDD-8027-027DF1458E0A}.Debug|Any CPU.ActiveCfg = Debug|Any CPU
		{4E0478B5-730A-4DDD-8027-027DF1458E0A}.Debug|Any CPU.Build.0 = Debug|Any CPU
		{4E0478B5-730A-4DDD-8027-027DF1458E0A}.Release|Any CPU.ActiveCfg = Release|Any CPU
		{4E0478B5-730A-4DDD-8027-027DF1458E0A}.Release|Any CPU.Build.0 = Release|Any CPU
	EndGlobalSection
EndGlobal
